
Microsoft Visual Studio Solution File, Format Version 12.00
# Visual Studio Version 16
VisualStudioVersion = 16.0.31410.357
MinimumVisualStudioVersion = 10.0.40219.1
Project("{FAE04EC0-301F-11D3-BF4B-00C04F79EFBC}") = "CarRental", "CarRental.csproj", "{5B66B20C-87B0-411C-B901-F200225DAE27}"
EndProject
Global
	GlobalSection(SolutionConfigurationPlatforms) = preSolution
		Debug|Any CPU = Debug|Any CPU
		Release|Any CPU = Release|Any CPU
	EndGlobalSection
	GlobalSection(ProjectConfigurationPlatforms) = postSolution
		{5B66B20C-87B0-411C-B901-F200225DAE27}.Debug|Any CPU.ActiveCfg = Debug|Any CPU
		{5B66B20C-87B0-411C-B901-F200225DAE27}.Debug|Any CPU.Build.0 = Debug|Any CPU
		{5B66B20C-87B0-411C-B901-F200225DAE27}.Release|Any CPU.ActiveCfg = Release|Any CPU
		{5B66B20C-87B0-411C-B901-F200225DAE27}.Release|Any CPU.Build.0 = Release|Any CPU
	EndGlobalSection
	GlobalSection(SolutionProperties) = preSolution
		HideSolutionNode = FALSE
	EndGlobalSection
	GlobalSection(ExtensibilityGlobals) = postSolution
		SolutionGuid = {91157113-FDD9-437F-96B0-457C1D1DE30F}
	EndGlobalSection
EndGlobal
